
Microsoft Visual Studio Solution File, Format Version 12.00
# Visual Studio Version 17
VisualStudioVersion = 17.7.34031.279
MinimumVisualStudioVersion = 10.0.40219.1
Project("{FAE04EC0-301F-11D3-BF4B-00C04F79EFBC}") = "test", "test\test.csproj", "{87FA7496-6908-4F8D-8A25-8836BF219EC1}"
EndProject
Global
	GlobalSection(SolutionConfigurationPlatforms) = preSolution
		Debug|Any CPU = Debug|Any CPU
		Release|Any CPU = Release|Any CPU
	EndGlobalSection
	GlobalSection(ProjectConfigurationPlatforms) = postSolution
		{87FA7496-6908-4F8D-8A25-8836BF219EC1}.Debug|Any CPU.ActiveCfg = Debug|Any CPU
		{87FA7496-6908-4F8D-8A25-8836BF219EC1}.Debug|Any CPU.Build.0 = Debug|Any CPU
		{87FA7496-6908-4F8D-8A25-8836BF219EC1}.Release|Any CPU.ActiveCfg = Release|Any CPU
		{87FA7496-6908-4F8D-8A25-8836BF219EC1}.Release|Any CPU.Build.0 = Release|Any CPU
	EndGlobalSection
	GlobalSection(SolutionProperties) = preSolution
		HideSolutionNode = FALSE
	EndGlobalSection
	GlobalSection(ExtensibilityGlobals) = postSolution
		SolutionGuid = {F5172DAA-50E8-4C29-A961-447C6021F837}
	EndGlobalSection
EndGlobal
